
Microsoft Visual Studio Solution File, Format Version 12.00
# Visual Studio Version 17
Project("{8BC9CEB8-8B4A-11D0-8D11-00A0C91BC942}") = "ALL_BUILD", "ALL_BUILD.vcxproj", "{C3DFB28D-7D75-393F-AF72-61F829CB04D6}"
	ProjectSection(ProjectDependencies) = postProject
		{E625619C-292C-3E10-A831-4DE8D0CE85AC} = {E625619C-292C-3E10-A831-4DE8D0CE85AC}
		{92659710-B169-3F27-B968-53A65E02CDBA} = {92659710-B169-3F27-B968-53A65E02CDBA}
	EndProjectSection
EndProject
Project("{8BC9CEB8-8B4A-11D0-8D11-00A0C91BC942}") = "NelderMead", "NelderMead.vcxproj", "{E625619C-292C-3E10-A831-4DE8D0CE85AC}"
	ProjectSection(ProjectDependencies) = postProject
		{92659710-B169-3F27-B968-53A65E02CDBA} = {92659710-B169-3F27-B968-53A65E02CDBA}
	EndProjectSection
EndProject
Project("{8BC9CEB8-8B4A-11D0-8D11-00A0C91BC942}") = "ZERO_CHECK", "ZERO_CHECK.vcxproj", "{92659710-B169-3F27-B968-53A65E02CDBA}"
	ProjectSection(ProjectDependencies) = postProject
	EndProjectSection
EndProject
Global
	GlobalSection(SolutionConfigurationPlatforms) = preSolution
		Debug|x64 = Debug|x64
		Release|x64 = Release|x64
		MinSizeRel|x64 = MinSizeRel|x64
		RelWithDebInfo|x64 = RelWithDebInfo|x64
	EndGlobalSection
	GlobalSection(ProjectConfigurationPlatforms) = postSolution
		{C3DFB28D-7D75-393F-AF72-61F829CB04D6}.Debug|x64.ActiveCfg = Debug|x64
		{C3DFB28D-7D75-393F-AF72-61F829CB04D6}.Release|x64.ActiveCfg = Release|x64
		{C3DFB28D-7D75-393F-AF72-61F829CB04D6}.MinSizeRel|x64.ActiveCfg = MinSizeRel|x64
		{C3DFB28D-7D75-393F-AF72-61F829CB04D6}.RelWithDebInfo|x64.ActiveCfg = RelWithDebInfo|x64
		{E625619C-292C-3E10-A831-4DE8D0CE85AC}.Debug|x64.ActiveCfg = Debug|x64
		{E625619C-292C-3E10-A831-4DE8D0CE85AC}.Debug|x64.Build.0 = Debug|x64
		{E625619C-292C-3E10-A831-4DE8D0CE85AC}.Release|x64.ActiveCfg = Release|x64
		{E625619C-292C-3E10-A831-4DE8D0CE85AC}.Release|x64.Build.0 = Release|x64
		{E625619C-292C-3E10-A831-4DE8D0CE85AC}.MinSizeRel|x64.ActiveCfg = MinSizeRel|x64
		{E625619C-292C-3E10-A831-4DE8D0CE85AC}.MinSizeRel|x64.Build.0 = MinSizeRel|x64
		{E625619C-292C-3E10-A831-4DE8D0CE85AC}.RelWithDebInfo|x64.ActiveCfg = RelWithDebInfo|x64
		{E625619C-292C-3E10-A831-4DE8D0CE85AC}.RelWithDebInfo|x64.Build.0 = RelWithDebInfo|x64
		{92659710-B169-3F27-B968-53A65E02CDBA}.Debug|x64.ActiveCfg = Debug|x64
		{92659710-B169-3F27-B968-53A65E02CDBA}.Debug|x64.Build.0 = Debug|x64
		{92659710-B169-3F27-B968-53A65E02CDBA}.Release|x64.ActiveCfg = Release|x64
		{92659710-B169-3F27-B968-53A65E02CDBA}.Release|x64.Build.0 = Release|x64
		{92659710-B169-3F27-B968-53A65E02CDBA}.MinSizeRel|x64.ActiveCfg = MinSizeRel|x64
		{92659710-B169-3F27-B968-53A65E02CDBA}.MinSizeRel|x64.Build.0 = MinSizeRel|x64
		{92659710-B169-3F27-B968-53A65E02CDBA}.RelWithDebInfo|x64.ActiveCfg = RelWithDebInfo|x64
		{92659710-B169-3F27-B968-53A65E02CDBA}.RelWithDebInfo|x64.Build.0 = RelWithDebInfo|x64
	EndGlobalSection
	GlobalSection(ExtensibilityGlobals) = postSolution
		SolutionGuid = {647E4905-8976-3B02-B126-5472C1F9F1B6}
	EndGlobalSection
	GlobalSection(ExtensibilityAddIns) = postSolution
	EndGlobalSection
EndGlobal
